// !$*UTF8*$!
{
	archiveVersion = 1;
	classes = {
	};
	objectVersion = 46;
	objects = {

/* Begin PBXBuildFile section */
		8DC82AEF76AA29060F999C5A /* Pods_xiaUITests.framework in Frameworks */ = {isa = PBXBuildFile; fileRef = 64BB42C294F13B1CE03DE39D /* Pods_xiaUITests.framework */; };
		EBB13964036B575B8A8FDCE2 /* Pods_xia.framework in Frameworks */ = {isa = PBXBuildFile; fileRef = A83A9D4CE53784DB02A34822 /* Pods_xia.framework */; };
		EE85E4AB3F9DF4EF58E42247 /* Pods_xiaTests.framework in Frameworks */ = {isa = PBXBuildFile; fileRef = CF57D228DBA8712B6C941D93 /* Pods_xiaTests.framework */; };
		F00A96FC201B213300F9EDD8 /* ViewTableLocalDatas.swift in Sources */ = {isa = PBXBuildFile; fileRef = F00A96FB201B213300F9EDD8 /* ViewTableLocalDatas.swift */; };
		F00A96FD201B2E3E00F9EDD8 /* ViewTableLocalDatas.swift in Sources */ = {isa = PBXBuildFile; fileRef = F00A96FB201B213300F9EDD8 /* ViewTableLocalDatas.swift */; };
		F03439E61F7D0A6900F49714 /* oembed.plist in Resources */ = {isa = PBXBuildFile; fileRef = F03439E51F7D0A6900F49714 /* oembed.plist */; };
		F03439E71F7D0A6900F49714 /* oembed.plist in Resources */ = {isa = PBXBuildFile; fileRef = F03439E51F7D0A6900F49714 /* oembed.plist */; };
		F03439E81F7D0A6900F49714 /* oembed.plist in Resources */ = {isa = PBXBuildFile; fileRef = F03439E51F7D0A6900F49714 /* oembed.plist */; };
		F03EA5C91D12EB02008678BC /* AppDelegate.swift in Sources */ = {isa = PBXBuildFile; fileRef = F03EA5C81D12EB02008678BC /* AppDelegate.swift */; };
		F03EA5CE1D12EB02008678BC /* Main.storyboard in Resources */ = {isa = PBXBuildFile; fileRef = F03EA5CC1D12EB02008678BC /* Main.storyboard */; };
		F03EA5D01D12EB02008678BC /* Assets.xcassets in Resources */ = {isa = PBXBuildFile; fileRef = F03EA5CF1D12EB02008678BC /* Assets.xcassets */; };
		F03EA5D31D12EB02008678BC /* LaunchScreen.storyboard in Resources */ = {isa = PBXBuildFile; fileRef = F03EA5D11D12EB02008678BC /* LaunchScreen.storyboard */; };
		F03EA5DE1D12EB02008678BC /* xiaTests.swift in Sources */ = {isa = PBXBuildFile; fileRef = F03EA5DD1D12EB02008678BC /* xiaTests.swift */; };
		F03EA5E91D12EB02008678BC /* xiaUITests.swift in Sources */ = {isa = PBXBuildFile; fileRef = F03EA5E81D12EB02008678BC /* xiaUITests.swift */; };
		F03EA60A1D12EC2B008678BC /* BubbleTransition.swift in Sources */ = {isa = PBXBuildFile; fileRef = F03EA5F71D12EC2B008678BC /* BubbleTransition.swift */; };
		F03EA60B1D12EC2B008678BC /* Constants.swift in Sources */ = {isa = PBXBuildFile; fileRef = F03EA5F81D12EC2B008678BC /* Constants.swift */; };
		F03EA60D1D12EC2B008678BC /* PhotoThumbnail.swift in Sources */ = {isa = PBXBuildFile; fileRef = F03EA5FA1D12EC2B008678BC /* PhotoThumbnail.swift */; };
		F03EA60E1D12EC2B008678BC /* PlayDetail.swift in Sources */ = {isa = PBXBuildFile; fileRef = F03EA5FB1D12EC2B008678BC /* PlayDetail.swift */; };
		F03EA60F1D12EC2B008678BC /* PlayImageMetadatas.swift in Sources */ = {isa = PBXBuildFile; fileRef = F03EA5FC1D12EC2B008678BC /* PlayImageMetadatas.swift */; };
		F03EA6101D12EC2B008678BC /* PlayXia.swift in Sources */ = {isa = PBXBuildFile; fileRef = F03EA5FD1D12EC2B008678BC /* PlayXia.swift */; };
		F03EA6111D12EC2B008678BC /* Settings.bundle in Resources */ = {isa = PBXBuildFile; fileRef = F03EA5FE1D12EC2B008678BC /* Settings.bundle */; };
		F03EA6121D12EC2B008678BC /* ShapeView.swift in Sources */ = {isa = PBXBuildFile; fileRef = F03EA5FF1D12EC2B008678BC /* ShapeView.swift */; };
		F03EA6131D12EC2B008678BC /* TextConverter.swift in Sources */ = {isa = PBXBuildFile; fileRef = F03EA6001D12EC2B008678BC /* TextConverter.swift */; };
		F03EA6141D12EC2B008678BC /* Util.swift in Sources */ = {isa = PBXBuildFile; fileRef = F03EA6011D12EC2B008678BC /* Util.swift */; };
		F03EA6151D12EC2B008678BC /* ViewCollectionController.swift in Sources */ = {isa = PBXBuildFile; fileRef = F03EA6021D12EC2B008678BC /* ViewCollectionController.swift */; };
		F03EA6161D12EC2B008678BC /* ViewCreateDetails.swift in Sources */ = {isa = PBXBuildFile; fileRef = F03EA6031D12EC2B008678BC /* ViewCreateDetails.swift */; };
		F03EA6171D12EC2B008678BC /* ViewDetailInfos.swift in Sources */ = {isa = PBXBuildFile; fileRef = F03EA6041D12EC2B008678BC /* ViewDetailInfos.swift */; };
		F03EA6181D12EC2B008678BC /* ViewExport.swift in Sources */ = {isa = PBXBuildFile; fileRef = F03EA6051D12EC2B008678BC /* ViewExport.swift */; };
		F03EA6191D12EC2B008678BC /* ViewMenuAddResource.swift in Sources */ = {isa = PBXBuildFile; fileRef = F03EA6061D12EC2B008678BC /* ViewMenuAddResource.swift */; };
		F03EA61A1D12EC2B008678BC /* ViewMetas.swift in Sources */ = {isa = PBXBuildFile; fileRef = F03EA6071D12EC2B008678BC /* ViewMetas.swift */; };
		F03EA61B1D12EC2B008678BC /* xiaDetail.swift in Sources */ = {isa = PBXBuildFile; fileRef = F03EA6081D12EC2B008678BC /* xiaDetail.swift */; };
		F03EA61C1D12EC35008678BC /* AppDelegate.swift in Sources */ = {isa = PBXBuildFile; fileRef = F03EA5C81D12EB02008678BC /* AppDelegate.swift */; };
		F03EA61E1D12EC3A008678BC /* BubbleTransition.swift in Sources */ = {isa = PBXBuildFile; fileRef = F03EA5F71D12EC2B008678BC /* BubbleTransition.swift */; };
		F03EA61F1D12EC3D008678BC /* Constants.swift in Sources */ = {isa = PBXBuildFile; fileRef = F03EA5F81D12EC2B008678BC /* Constants.swift */; };
		F03EA6211D12EC43008678BC /* PhotoThumbnail.swift in Sources */ = {isa = PBXBuildFile; fileRef = F03EA5FA1D12EC2B008678BC /* PhotoThumbnail.swift */; };
		F03EA6221D12EC45008678BC /* PlayDetail.swift in Sources */ = {isa = PBXBuildFile; fileRef = F03EA5FB1D12EC2B008678BC /* PlayDetail.swift */; };
		F03EA6231D12EC48008678BC /* PlayImageMetadatas.swift in Sources */ = {isa = PBXBuildFile; fileRef = F03EA5FC1D12EC2B008678BC /* PlayImageMetadatas.swift */; };
		F03EA6241D12EC4A008678BC /* PlayXia.swift in Sources */ = {isa = PBXBuildFile; fileRef = F03EA5FD1D12EC2B008678BC /* PlayXia.swift */; };
		F03EA6251D12EC4E008678BC /* Settings.bundle in Resources */ = {isa = PBXBuildFile; fileRef = F03EA5FE1D12EC2B008678BC /* Settings.bundle */; };
		F03EA6261D12EC50008678BC /* ShapeView.swift in Sources */ = {isa = PBXBuildFile; fileRef = F03EA5FF1D12EC2B008678BC /* ShapeView.swift */; };
		F03EA6271D12EC53008678BC /* TextConverter.swift in Sources */ = {isa = PBXBuildFile; fileRef = F03EA6001D12EC2B008678BC /* TextConverter.swift */; };
		F03EA6281D12EC55008678BC /* Util.swift in Sources */ = {isa = PBXBuildFile; fileRef = F03EA6011D12EC2B008678BC /* Util.swift */; };
		F03EA6291D12EC58008678BC /* ViewCollectionController.swift in Sources */ = {isa = PBXBuildFile; fileRef = F03EA6021D12EC2B008678BC /* ViewCollectionController.swift */; };
		F03EA62A1D12EC5B008678BC /* ViewCreateDetails.swift in Sources */ = {isa = PBXBuildFile; fileRef = F03EA6031D12EC2B008678BC /* ViewCreateDetails.swift */; };
		F03EA62B1D12EC5E008678BC /* ViewDetailInfos.swift in Sources */ = {isa = PBXBuildFile; fileRef = F03EA6041D12EC2B008678BC /* ViewDetailInfos.swift */; };
		F03EA62C1D12EC60008678BC /* ViewExport.swift in Sources */ = {isa = PBXBuildFile; fileRef = F03EA6051D12EC2B008678BC /* ViewExport.swift */; };
		F03EA62D1D12EC63008678BC /* ViewMenuAddResource.swift in Sources */ = {isa = PBXBuildFile; fileRef = F03EA6061D12EC2B008678BC /* ViewMenuAddResource.swift */; };
		F03EA62E1D12EC66008678BC /* ViewMetas.swift in Sources */ = {isa = PBXBuildFile; fileRef = F03EA6071D12EC2B008678BC /* ViewMetas.swift */; };
		F03EA62F1D12EC68008678BC /* xiaDetail.swift in Sources */ = {isa = PBXBuildFile; fileRef = F03EA6081D12EC2B008678BC /* xiaDetail.swift */; };
		F03EA6301D12EC89008678BC /* Assets.xcassets in Resources */ = {isa = PBXBuildFile; fileRef = F03EA5CF1D12EB02008678BC /* Assets.xcassets */; };
		F03EA6321D12ECA7008678BC /* TextConvertersTest.swift in Sources */ = {isa = PBXBuildFile; fileRef = F03EA6311D12ECA7008678BC /* TextConvertersTest.swift */; };
		F03EA6361D12ED02008678BC /* images.xcassets in Resources */ = {isa = PBXBuildFile; fileRef = F03EA6351D12ED02008678BC /* images.xcassets */; };
		F044685F1DE5D9EB00ADBA55 /* Reachability.swift in Sources */ = {isa = PBXBuildFile; fileRef = F044685E1DE5D9EB00ADBA55 /* Reachability.swift */; };
		F04468601DE5D9EB00ADBA55 /* Reachability.swift in Sources */ = {isa = PBXBuildFile; fileRef = F044685E1DE5D9EB00ADBA55 /* Reachability.swift */; };
		F04543F31D17F93200BBF731 /* Localizable.strings in Resources */ = {isa = PBXBuildFile; fileRef = F04543F51D17F93200BBF731 /* Localizable.strings */; };
		F04543F81D17F93200BBF731 /* InfoPlist.strings in Resources */ = {isa = PBXBuildFile; fileRef = F04543FA1D17F93200BBF731 /* InfoPlist.strings */; };
		F04543FD1D17F93300BBF731 /* InfoPlist.strings in Resources */ = {isa = PBXBuildFile; fileRef = F04543FF1D17F93300BBF731 /* InfoPlist.strings */; };
		F04544021D17F93300BBF731 /* InfoPlist.strings in Resources */ = {isa = PBXBuildFile; fileRef = F04544041D17F93300BBF731 /* InfoPlist.strings */; };
		F04D92242018BA4C007A6073 /* ViewImport.swift in Sources */ = {isa = PBXBuildFile; fileRef = F04D92232018BA4C007A6073 /* ViewImport.swift */; };
		F04D92252018BA4C007A6073 /* ViewImport.swift in Sources */ = {isa = PBXBuildFile; fileRef = F04D92232018BA4C007A6073 /* ViewImport.swift */; };
		F059F582201B7C530074B20C /* ViewPicker.swift in Sources */ = {isa = PBXBuildFile; fileRef = F059F581201B7C530074B20C /* ViewPicker.swift */; };
		F059F583201B7C530074B20C /* ViewPicker.swift in Sources */ = {isa = PBXBuildFile; fileRef = F059F581201B7C530074B20C /* ViewPicker.swift */; };
		F07709F91FC6D61E00174494 /* Document.swift in Sources */ = {isa = PBXBuildFile; fileRef = F07709F31FC6D61E00174494 /* Document.swift */; };
		F07709FA1FC6D61E00174494 /* Document.swift in Sources */ = {isa = PBXBuildFile; fileRef = F07709F31FC6D61E00174494 /* Document.swift */; };
		F07709FB1FC6D61E00174494 /* Element.swift in Sources */ = {isa = PBXBuildFile; fileRef = F07709F41FC6D61E00174494 /* Element.swift */; };
		F07709FC1FC6D61E00174494 /* Element.swift in Sources */ = {isa = PBXBuildFile; fileRef = F07709F41FC6D61E00174494 /* Element.swift */; };
		F07709FD1FC6D61E00174494 /* Error.swift in Sources */ = {isa = PBXBuildFile; fileRef = F07709F51FC6D61E00174494 /* Error.swift */; };
		F07709FE1FC6D61E00174494 /* Error.swift in Sources */ = {isa = PBXBuildFile; fileRef = F07709F51FC6D61E00174494 /* Error.swift */; };
		F0770A011FC6D61E00174494 /* Options.swift in Sources */ = {isa = PBXBuildFile; fileRef = F07709F71FC6D61E00174494 /* Options.swift */; };
		F0770A021FC6D61E00174494 /* Options.swift in Sources */ = {isa = PBXBuildFile; fileRef = F07709F71FC6D61E00174494 /* Options.swift */; };
		F0770A031FC6D61E00174494 /* Parser.swift in Sources */ = {isa = PBXBuildFile; fileRef = F07709F81FC6D61E00174494 /* Parser.swift */; };
		F0770A041FC6D61E00174494 /* Parser.swift in Sources */ = {isa = PBXBuildFile; fileRef = F07709F81FC6D61E00174494 /* Parser.swift */; };
		F0B4798F2011FB460050C2EF /* Main.storyboard in Resources */ = {isa = PBXBuildFile; fileRef = F03EA5CC1D12EB02008678BC /* Main.storyboard */; };
		F0BB83761D19D98F0070140A /* ipad_blanc_80.png in Resources */ = {isa = PBXBuildFile; fileRef = F0BB83751D19D98F0070140A /* ipad_blanc_80.png */; };
		F0D1CC7E200E0AA60029C64A /* MathJax-2.7.2 in Resources */ = {isa = PBXBuildFile; fileRef = F0D1CC7D200E0AA60029C64A /* MathJax-2.7.2 */; };
		F0D1CC7F200E0AA60029C64A /* MathJax-2.7.2 in Resources */ = {isa = PBXBuildFile; fileRef = F0D1CC7D200E0AA60029C64A /* MathJax-2.7.2 */; };
		F0D1CC80200E0AA60029C64A /* MathJax-2.7.2 in Resources */ = {isa = PBXBuildFile; fileRef = F0D1CC7D200E0AA60029C64A /* MathJax-2.7.2 */; };
		F0D5EEB31F7BF9440043D9CD /* jsonDB.swift in Sources */ = {isa = PBXBuildFile; fileRef = F0D5EEB21F7BF9440043D9CD /* jsonDB.swift */; };
		F0D5EEB41F7BF9440043D9CD /* jsonDB.swift in Sources */ = {isa = PBXBuildFile; fileRef = F0D5EEB21F7BF9440043D9CD /* jsonDB.swift */; };
		F0D5EEB51F7BF9440043D9CD /* jsonDB.swift in Sources */ = {isa = PBXBuildFile; fileRef = F0D5EEB21F7BF9440043D9CD /* jsonDB.swift */; };
		F0EAFF0C1D12EDE500366F0E /* Localizable.strings in Resources */ = {isa = PBXBuildFile; fileRef = F0EAFF0A1D12EDE500366F0E /* Localizable.strings */; };
		F0F825C2200FFD2000578D8D /* ViewReorder.swift in Sources */ = {isa = PBXBuildFile; fileRef = F0F825C1200FFD2000578D8D /* ViewReorder.swift */; };
		F0F825C3200FFD2000578D8D /* ViewReorder.swift in Sources */ = {isa = PBXBuildFile; fileRef = F0F825C1200FFD2000578D8D /* ViewReorder.swift */; };
/* End PBXBuildFile section */

/* Begin PBXContainerItemProxy section */
		F03EA5DA1D12EB02008678BC /* PBXContainerItemProxy */ = {
			isa = PBXContainerItemProxy;
			containerPortal = F03EA5BD1D12EB02008678BC /* Project object */;
			proxyType = 1;
			remoteGlobalIDString = F03EA5C41D12EB02008678BC;
			remoteInfo = xia;
		};
		F03EA5E51D12EB02008678BC /* PBXContainerItemProxy */ = {
			isa = PBXContainerItemProxy;
			containerPortal = F03EA5BD1D12EB02008678BC /* Project object */;
			proxyType = 1;
			remoteGlobalIDString = F03EA5C41D12EB02008678BC;
			remoteInfo = xia;
		};
/* End PBXContainerItemProxy section */

/* Begin PBXFileReference section */
		64BB42C294F13B1CE03DE39D /* Pods_xiaUITests.framework */ = {isa = PBXFileReference; explicitFileType = wrapper.framework; includeInIndex = 0; path = Pods_xiaUITests.framework; sourceTree = BUILT_PRODUCTS_DIR; };
		702D8DE2486E3C2D6DD085F1 /* Pods-xia.release.xcconfig */ = {isa = PBXFileReference; includeInIndex = 1; lastKnownFileType = text.xcconfig; name = "Pods-xia.release.xcconfig"; path = "Pods/Target Support Files/Pods-xia/Pods-xia.release.xcconfig"; sourceTree = "<group>"; };
		8B87E277054373E367AEC206 /* Pods-xiaTests.debug.xcconfig */ = {isa = PBXFileReference; includeInIndex = 1; lastKnownFileType = text.xcconfig; name = "Pods-xiaTests.debug.xcconfig"; path = "Pods/Target Support Files/Pods-xiaTests/Pods-xiaTests.debug.xcconfig"; sourceTree = "<group>"; };
		911242FDE4F11A060E214CD8 /* Pods-xiaUITests.release.xcconfig */ = {isa = PBXFileReference; includeInIndex = 1; lastKnownFileType = text.xcconfig; name = "Pods-xiaUITests.release.xcconfig"; path = "Pods/Target Support Files/Pods-xiaUITests/Pods-xiaUITests.release.xcconfig"; sourceTree = "<group>"; };
		A83A9D4CE53784DB02A34822 /* Pods_xia.framework */ = {isa = PBXFileReference; explicitFileType = wrapper.framework; includeInIndex = 0; path = Pods_xia.framework; sourceTree = BUILT_PRODUCTS_DIR; };
		B07E5900770C782ED1B1CA03 /* Pods-xiaUITests.debug.xcconfig */ = {isa = PBXFileReference; includeInIndex = 1; lastKnownFileType = text.xcconfig; name = "Pods-xiaUITests.debug.xcconfig"; path = "Pods/Target Support Files/Pods-xiaUITests/Pods-xiaUITests.debug.xcconfig"; sourceTree = "<group>"; };
		CF57D228DBA8712B6C941D93 /* Pods_xiaTests.framework */ = {isa = PBXFileReference; explicitFileType = wrapper.framework; includeInIndex = 0; path = Pods_xiaTests.framework; sourceTree = BUILT_PRODUCTS_DIR; };
		E7E38FDD508F4FE87782DA4F /* Pods-xiaTests.release.xcconfig */ = {isa = PBXFileReference; includeInIndex = 1; lastKnownFileType = text.xcconfig; name = "Pods-xiaTests.release.xcconfig"; path = "Pods/Target Support Files/Pods-xiaTests/Pods-xiaTests.release.xcconfig"; sourceTree = "<group>"; };
		F00A96FB201B213300F9EDD8 /* ViewTableLocalDatas.swift */ = {isa = PBXFileReference; fileEncoding = 4; lastKnownFileType = sourcecode.swift; path = ViewTableLocalDatas.swift; sourceTree = "<group>"; };
		F03439E51F7D0A6900F49714 /* oembed.plist */ = {isa = PBXFileReference; lastKnownFileType = text.plist.xml; path = oembed.plist; sourceTree = "<group>"; };
		F03EA5C51D12EB02008678BC /* xia.app */ = {isa = PBXFileReference; explicitFileType = wrapper.application; includeInIndex = 0; path = xia.app; sourceTree = BUILT_PRODUCTS_DIR; };
		F03EA5C81D12EB02008678BC /* AppDelegate.swift */ = {isa = PBXFileReference; lastKnownFileType = sourcecode.swift; path = AppDelegate.swift; sourceTree = "<group>"; };
		F03EA5CD1D12EB02008678BC /* Base */ = {isa = PBXFileReference; lastKnownFileType = file.storyboard; name = Base; path = Base.lproj/Main.storyboard; sourceTree = "<group>"; };
		F03EA5CF1D12EB02008678BC /* Assets.xcassets */ = {isa = PBXFileReference; lastKnownFileType = folder.assetcatalog; path = Assets.xcassets; sourceTree = "<group>"; };
		F03EA5D21D12EB02008678BC /* Base */ = {isa = PBXFileReference; lastKnownFileType = file.storyboard; name = Base; path = Base.lproj/LaunchScreen.storyboard; sourceTree = "<group>"; };
		F03EA5D41D12EB02008678BC /* Info.plist */ = {isa = PBXFileReference; lastKnownFileType = text.plist.xml; path = Info.plist; sourceTree = "<group>"; };
		F03EA5D91D12EB02008678BC /* xiaTests.xctest */ = {isa = PBXFileReference; explicitFileType = wrapper.cfbundle; includeInIndex = 0; path = xiaTests.xctest; sourceTree = BUILT_PRODUCTS_DIR; };
		F03EA5DD1D12EB02008678BC /* xiaTests.swift */ = {isa = PBXFileReference; lastKnownFileType = sourcecode.swift; path = xiaTests.swift; sourceTree = "<group>"; };
		F03EA5DF1D12EB02008678BC /* Info.plist */ = {isa = PBXFileReference; lastKnownFileType = text.plist.xml; path = Info.plist; sourceTree = "<group>"; };
		F03EA5E41D12EB02008678BC /* xiaUITests.xctest */ = {isa = PBXFileReference; explicitFileType = wrapper.cfbundle; includeInIndex = 0; path = xiaUITests.xctest; sourceTree = BUILT_PRODUCTS_DIR; };
		F03EA5E81D12EB02008678BC /* xiaUITests.swift */ = {isa = PBXFileReference; lastKnownFileType = sourcecode.swift; path = xiaUITests.swift; sourceTree = "<group>"; };
		F03EA5EA1D12EB02008678BC /* Info.plist */ = {isa = PBXFileReference; lastKnownFileType = text.plist.xml; path = Info.plist; sourceTree = "<group>"; };
		F03EA5F71D12EC2B008678BC /* BubbleTransition.swift */ = {isa = PBXFileReference; fileEncoding = 4; lastKnownFileType = sourcecode.swift; path = BubbleTransition.swift; sourceTree = "<group>"; };
		F03EA5F81D12EC2B008678BC /* Constants.swift */ = {isa = PBXFileReference; fileEncoding = 4; lastKnownFileType = sourcecode.swift; path = Constants.swift; sourceTree = "<group>"; };
		F03EA5FA1D12EC2B008678BC /* PhotoThumbnail.swift */ = {isa = PBXFileReference; fileEncoding = 4; lastKnownFileType = sourcecode.swift; path = PhotoThumbnail.swift; sourceTree = "<group>"; };
		F03EA5FB1D12EC2B008678BC /* PlayDetail.swift */ = {isa = PBXFileReference; fileEncoding = 4; lastKnownFileType = sourcecode.swift; path = PlayDetail.swift; sourceTree = "<group>"; };
		F03EA5FC1D12EC2B008678BC /* PlayImageMetadatas.swift */ = {isa = PBXFileReference; fileEncoding = 4; lastKnownFileType = sourcecode.swift; path = PlayImageMetadatas.swift; sourceTree = "<group>"; };
		F03EA5FD1D12EC2B008678BC /* PlayXia.swift */ = {isa = PBXFileReference; fileEncoding = 4; lastKnownFileType = sourcecode.swift; path = PlayXia.swift; sourceTree = "<group>"; };
		F03EA5FE1D12EC2B008678BC /* Settings.bundle */ = {isa = PBXFileReference; lastKnownFileType = "wrapper.plug-in"; path = Settings.bundle; sourceTree = "<group>"; };
		F03EA5FF1D12EC2B008678BC /* ShapeView.swift */ = {isa = PBXFileReference; fileEncoding = 4; lastKnownFileType = sourcecode.swift; path = ShapeView.swift; sourceTree = "<group>"; };
		F03EA6001D12EC2B008678BC /* TextConverter.swift */ = {isa = PBXFileReference; fileEncoding = 4; lastKnownFileType = sourcecode.swift; path = TextConverter.swift; sourceTree = "<group>"; };
		F03EA6011D12EC2B008678BC /* Util.swift */ = {isa = PBXFileReference; fileEncoding = 4; lastKnownFileType = sourcecode.swift; path = Util.swift; sourceTree = "<group>"; };
		F03EA6021D12EC2B008678BC /* ViewCollectionController.swift */ = {isa = PBXFileReference; fileEncoding = 4; lastKnownFileType = sourcecode.swift; path = ViewCollectionController.swift; sourceTree = "<group>"; };
		F03EA6031D12EC2B008678BC /* ViewCreateDetails.swift */ = {isa = PBXFileReference; fileEncoding = 4; lastKnownFileType = sourcecode.swift; path = ViewCreateDetails.swift; sourceTree = "<group>"; };
		F03EA6041D12EC2B008678BC /* ViewDetailInfos.swift */ = {isa = PBXFileReference; fileEncoding = 4; lastKnownFileType = sourcecode.swift; path = ViewDetailInfos.swift; sourceTree = "<group>"; };
		F03EA6051D12EC2B008678BC /* ViewExport.swift */ = {isa = PBXFileReference; fileEncoding = 4; lastKnownFileType = sourcecode.swift; path = ViewExport.swift; sourceTree = "<group>"; };
		F03EA6061D12EC2B008678BC /* ViewMenuAddResource.swift */ = {isa = PBXFileReference; fileEncoding = 4; lastKnownFileType = sourcecode.swift; path = ViewMenuAddResource.swift; sourceTree = "<group>"; };
		F03EA6071D12EC2B008678BC /* ViewMetas.swift */ = {isa = PBXFileReference; fileEncoding = 4; lastKnownFileType = sourcecode.swift; path = ViewMetas.swift; sourceTree = "<group>"; };
		F03EA6081D12EC2B008678BC /* xiaDetail.swift */ = {isa = PBXFileReference; fileEncoding = 4; lastKnownFileType = sourcecode.swift; path = xiaDetail.swift; sourceTree = "<group>"; };
		F03EA6311D12ECA7008678BC /* TextConvertersTest.swift */ = {isa = PBXFileReference; fileEncoding = 4; lastKnownFileType = sourcecode.swift; path = TextConvertersTest.swift; sourceTree = "<group>"; };
		F03EA6351D12ED02008678BC /* images.xcassets */ = {isa = PBXFileReference; lastKnownFileType = folder.assetcatalog; path = images.xcassets; sourceTree = "<group>"; };
		F03EA6371D12ED61008678BC /* fr */ = {isa = PBXFileReference; lastKnownFileType = text.plist.strings; name = fr; path = fr.lproj/LaunchScreen.strings; sourceTree = "<group>"; };
		F03EA6381D12ED61008678BC /* fr */ = {isa = PBXFileReference; lastKnownFileType = text.plist.strings; name = fr; path = fr.lproj/Main.strings; sourceTree = "<group>"; };
		F044685E1DE5D9EB00ADBA55 /* Reachability.swift */ = {isa = PBXFileReference; fileEncoding = 4; lastKnownFileType = sourcecode.swift; path = Reachability.swift; sourceTree = "<group>"; };
		F04543F41D17F93200BBF731 /* fr */ = {isa = PBXFileReference; lastKnownFileType = text.plist.strings; name = fr; path = fr.lproj/Localizable.strings; sourceTree = "<group>"; };
		F04543F91D17F93200BBF731 /* fr */ = {isa = PBXFileReference; lastKnownFileType = text.plist.strings; name = fr; path = fr.lproj/InfoPlist.strings; sourceTree = "<group>"; };
		F04543FE1D17F93300BBF731 /* fr */ = {isa = PBXFileReference; lastKnownFileType = text.plist.strings; name = fr; path = fr.lproj/InfoPlist.strings; sourceTree = "<group>"; };
		F04544031D17F93300BBF731 /* fr */ = {isa = PBXFileReference; lastKnownFileType = text.plist.strings; name = fr; path = fr.lproj/InfoPlist.strings; sourceTree = "<group>"; };
		F04D92232018BA4C007A6073 /* ViewImport.swift */ = {isa = PBXFileReference; lastKnownFileType = sourcecode.swift; path = ViewImport.swift; sourceTree = "<group>"; };
		F059F581201B7C530074B20C /* ViewPicker.swift */ = {isa = PBXFileReference; lastKnownFileType = sourcecode.swift; path = ViewPicker.swift; sourceTree = "<group>"; };
		F076A8891FC5BCD80083A614 /* xia.entitlements */ = {isa = PBXFileReference; lastKnownFileType = text.plist.entitlements; path = xia.entitlements; sourceTree = "<group>"; };
		F07709F21FC6D61E00174494 /* AEXML.h */ = {isa = PBXFileReference; fileEncoding = 4; lastKnownFileType = sourcecode.c.h; path = AEXML.h; sourceTree = "<group>"; };
		F07709F31FC6D61E00174494 /* Document.swift */ = {isa = PBXFileReference; fileEncoding = 4; lastKnownFileType = sourcecode.swift; path = Document.swift; sourceTree = "<group>"; };
		F07709F41FC6D61E00174494 /* Element.swift */ = {isa = PBXFileReference; fileEncoding = 4; lastKnownFileType = sourcecode.swift; path = Element.swift; sourceTree = "<group>"; };
		F07709F51FC6D61E00174494 /* Error.swift */ = {isa = PBXFileReference; fileEncoding = 4; lastKnownFileType = sourcecode.swift; path = Error.swift; sourceTree = "<group>"; };
		F07709F61FC6D61E00174494 /* Info.plist */ = {isa = PBXFileReference; fileEncoding = 4; lastKnownFileType = text.plist.xml; path = Info.plist; sourceTree = "<group>"; };
		F07709F71FC6D61E00174494 /* Options.swift */ = {isa = PBXFileReference; fileEncoding = 4; lastKnownFileType = sourcecode.swift; path = Options.swift; sourceTree = "<group>"; };
		F07709F81FC6D61E00174494 /* Parser.swift */ = {isa = PBXFileReference; fileEncoding = 4; lastKnownFileType = sourcecode.swift; path = Parser.swift; sourceTree = "<group>"; };
		F0BB83751D19D98F0070140A /* ipad_blanc_80.png */ = {isa = PBXFileReference; lastKnownFileType = image.png; path = ipad_blanc_80.png; sourceTree = "<group>"; };
		F0D1CC7D200E0AA60029C64A /* MathJax-2.7.2 */ = {isa = PBXFileReference; lastKnownFileType = folder; path = "MathJax-2.7.2"; sourceTree = "<group>"; };
		F0D5EEB21F7BF9440043D9CD /* jsonDB.swift */ = {isa = PBXFileReference; lastKnownFileType = sourcecode.swift; path = jsonDB.swift; sourceTree = "<group>"; };
		F0EAFF0B1D12EDE500366F0E /* Base */ = {isa = PBXFileReference; lastKnownFileType = text.plist.strings; name = Base; path = xia/Base.lproj/Localizable.strings; sourceTree = "<group>"; };
		F0EAFF0D1D12EDF800366F0E /* fr */ = {isa = PBXFileReference; lastKnownFileType = text.plist.strings; name = fr; path = xia/fr.lproj/Localizable.strings; sourceTree = "<group>"; };
		F0F825C1200FFD2000578D8D /* ViewReorder.swift */ = {isa = PBXFileReference; lastKnownFileType = sourcecode.swift; path = ViewReorder.swift; sourceTree = "<group>"; };
		F4BAB15008D094DBD924C76B /* Pods-xia.debug.xcconfig */ = {isa = PBXFileReference; includeInIndex = 1; lastKnownFileType = text.xcconfig; name = "Pods-xia.debug.xcconfig"; path = "Pods/Target Support Files/Pods-xia/Pods-xia.debug.xcconfig"; sourceTree = "<group>"; };
/* End PBXFileReference section */

/* Begin PBXFrameworksBuildPhase section */
		F03EA5C21D12EB02008678BC /* Frameworks */ = {
			isa = PBXFrameworksBuildPhase;
			buildActionMask = 2147483647;
			files = (
				EBB13964036B575B8A8FDCE2 /* Pods_xia.framework in Frameworks */,
			);
			runOnlyForDeploymentPostprocessing = 0;
		};
		F03EA5D61D12EB02008678BC /* Frameworks */ = {
			isa = PBXFrameworksBuildPhase;
			buildActionMask = 2147483647;
			files = (
				EE85E4AB3F9DF4EF58E42247 /* Pods_xiaTests.framework in Frameworks */,
			);
			runOnlyForDeploymentPostprocessing = 0;
		};
		F03EA5E11D12EB02008678BC /* Frameworks */ = {
			isa = PBXFrameworksBuildPhase;
			buildActionMask = 2147483647;
			files = (
				8DC82AEF76AA29060F999C5A /* Pods_xiaUITests.framework in Frameworks */,
			);
			runOnlyForDeploymentPostprocessing = 0;
		};
/* End PBXFrameworksBuildPhase section */

/* Begin PBXGroup section */
		1C8A919A3280663E7A97B05C /* Frameworks */ = {
			isa = PBXGroup;
			children = (
				A83A9D4CE53784DB02A34822 /* Pods_xia.framework */,
				CF57D228DBA8712B6C941D93 /* Pods_xiaTests.framework */,
				64BB42C294F13B1CE03DE39D /* Pods_xiaUITests.framework */,
			);
			name = Frameworks;
			sourceTree = "<group>";
		};
		F03EA5BC1D12EB02008678BC = {
			isa = PBXGroup;
			children = (
				F0D1CC7D200E0AA60029C64A /* MathJax-2.7.2 */,
				F0BB83751D19D98F0070140A /* ipad_blanc_80.png */,
				F03EA5C61D12EB02008678BC /* Products */,
				F07709F11FC6D61E00174494 /* Sources */,
				F03EA5C71D12EB02008678BC /* xia */,
				F03EA5DC1D12EB02008678BC /* xiaTests */,
				F03EA5E71D12EB02008678BC /* xiaUITests */,
				F4F524A1C2A6DEA91F3D7262 /* Pods */,
				1C8A919A3280663E7A97B05C /* Frameworks */,
			);
			sourceTree = "<group>";
		};
		F03EA5C61D12EB02008678BC /* Products */ = {
			isa = PBXGroup;
			children = (
				F03EA5C51D12EB02008678BC /* xia.app */,
				F03EA5D91D12EB02008678BC /* xiaTests.xctest */,
				F03EA5E41D12EB02008678BC /* xiaUITests.xctest */,
			);
			name = Products;
			sourceTree = "<group>";
		};
		F03EA5C71D12EB02008678BC /* xia */ = {
			isa = PBXGroup;
			children = (
				F03EA5FE1D12EC2B008678BC /* Settings.bundle */,
				F076A8891FC5BCD80083A614 /* xia.entitlements */,
				F03EA5D41D12EB02008678BC /* Info.plist */,
				F03439E51F7D0A6900F49714 /* oembed.plist */,
				F03EA5C81D12EB02008678BC /* AppDelegate.swift */,
				F03EA5F71D12EC2B008678BC /* BubbleTransition.swift */,
				F03EA5F81D12EC2B008678BC /* Constants.swift */,
				F0D5EEB21F7BF9440043D9CD /* jsonDB.swift */,
				F03EA5FA1D12EC2B008678BC /* PhotoThumbnail.swift */,
				F03EA5FB1D12EC2B008678BC /* PlayDetail.swift */,
				F03EA5FC1D12EC2B008678BC /* PlayImageMetadatas.swift */,
				F03EA5FD1D12EC2B008678BC /* PlayXia.swift */,
				F044685E1DE5D9EB00ADBA55 /* Reachability.swift */,
				F03EA5FF1D12EC2B008678BC /* ShapeView.swift */,
				F03EA6001D12EC2B008678BC /* TextConverter.swift */,
				F03EA6011D12EC2B008678BC /* Util.swift */,
				F03EA6021D12EC2B008678BC /* ViewCollectionController.swift */,
				F03EA6031D12EC2B008678BC /* ViewCreateDetails.swift */,
				F03EA6041D12EC2B008678BC /* ViewDetailInfos.swift */,
				F03EA6051D12EC2B008678BC /* ViewExport.swift */,
				F04D92232018BA4C007A6073 /* ViewImport.swift */,
				F03EA6061D12EC2B008678BC /* ViewMenuAddResource.swift */,
				F03EA6071D12EC2B008678BC /* ViewMetas.swift */,
				F059F581201B7C530074B20C /* ViewPicker.swift */,
				F0F825C1200FFD2000578D8D /* ViewReorder.swift */,
				F00A96FB201B213300F9EDD8 /* ViewTableLocalDatas.swift */,
				F03EA6081D12EC2B008678BC /* xiaDetail.swift */,
				F03EA5CF1D12EB02008678BC /* Assets.xcassets */,
				F03EA6351D12ED02008678BC /* images.xcassets */,
				F04544041D17F93300BBF731 /* InfoPlist.strings */,
				F03EA5D11D12EB02008678BC /* LaunchScreen.storyboard */,
				F0EAFF0A1D12EDE500366F0E /* Localizable.strings */,
				F03EA5CC1D12EB02008678BC /* Main.storyboard */,
			);
			path = xia;
			sourceTree = "<group>";
		};
		F03EA5DC1D12EB02008678BC /* xiaTests */ = {
			isa = PBXGroup;
			children = (
				F04543FA1D17F93200BBF731 /* InfoPlist.strings */,
				F04543F51D17F93200BBF731 /* Localizable.strings */,
				F03EA5DD1D12EB02008678BC /* xiaTests.swift */,
				F03EA6311D12ECA7008678BC /* TextConvertersTest.swift */,
				F03EA5DF1D12EB02008678BC /* Info.plist */,
			);
			path = xiaTests;
			sourceTree = "<group>";
		};
		F03EA5E71D12EB02008678BC /* xiaUITests */ = {
			isa = PBXGroup;
			children = (
				F04543FF1D17F93300BBF731 /* InfoPlist.strings */,
				F03EA5E81D12EB02008678BC /* xiaUITests.swift */,
				F03EA5EA1D12EB02008678BC /* Info.plist */,
			);
			path = xiaUITests;
			sourceTree = "<group>";
		};
		F07709F11FC6D61E00174494 /* Sources */ = {
			isa = PBXGroup;
			children = (
				F07709F21FC6D61E00174494 /* AEXML.h */,
				F07709F31FC6D61E00174494 /* Document.swift */,
				F07709F41FC6D61E00174494 /* Element.swift */,
				F07709F51FC6D61E00174494 /* Error.swift */,
				F07709F61FC6D61E00174494 /* Info.plist */,
				F07709F71FC6D61E00174494 /* Options.swift */,
				F07709F81FC6D61E00174494 /* Parser.swift */,
			);
			path = Sources;
			sourceTree = "<group>";
		};
		F4F524A1C2A6DEA91F3D7262 /* Pods */ = {
			isa = PBXGroup;
			children = (
				F4BAB15008D094DBD924C76B /* Pods-xia.debug.xcconfig */,
				702D8DE2486E3C2D6DD085F1 /* Pods-xia.release.xcconfig */,
				8B87E277054373E367AEC206 /* Pods-xiaTests.debug.xcconfig */,
				E7E38FDD508F4FE87782DA4F /* Pods-xiaTests.release.xcconfig */,
				B07E5900770C782ED1B1CA03 /* Pods-xiaUITests.debug.xcconfig */,
				911242FDE4F11A060E214CD8 /* Pods-xiaUITests.release.xcconfig */,
			);
			name = Pods;
			sourceTree = "<group>";
		};
/* End PBXGroup section */

/* Begin PBXNativeTarget section */
		F03EA5C41D12EB02008678BC /* xia */ = {
			isa = PBXNativeTarget;
			buildConfigurationList = F03EA5ED1D12EB02008678BC /* Build configuration list for PBXNativeTarget "xia" */;
			buildPhases = (
				148D9FFFBABC2E8513AECA22 /* [CP] Check Pods Manifest.lock */,
				F03EA5C11D12EB02008678BC /* Sources */,
				F03EA5C21D12EB02008678BC /* Frameworks */,
				F03EA5C31D12EB02008678BC /* Resources */,
				BCD5B1741F0804CFF72DC854 /* [CP] Embed Pods Frameworks */,
			);
			buildRules = (
			);
			dependencies = (
			);
			name = xia;
			productName = xia;
			productReference = F03EA5C51D12EB02008678BC /* xia.app */;
			productType = "com.apple.product-type.application";
		};
		F03EA5D81D12EB02008678BC /* xiaTests */ = {
			isa = PBXNativeTarget;
			buildConfigurationList = F03EA5F01D12EB02008678BC /* Build configuration list for PBXNativeTarget "xiaTests" */;
			buildPhases = (
				6074AB088DA77FCE9512706F /* [CP] Check Pods Manifest.lock */,
				F03EA5D51D12EB02008678BC /* Sources */,
				F03EA5D61D12EB02008678BC /* Frameworks */,
				F03EA5D71D12EB02008678BC /* Resources */,
				72C701BBC03F27097229DE91 /* [CP] Embed Pods Frameworks */,
			);
			buildRules = (
			);
			dependencies = (
				F03EA5DB1D12EB02008678BC /* PBXTargetDependency */,
			);
			name = xiaTests;
			productName = xiaTests;
			productReference = F03EA5D91D12EB02008678BC /* xiaTests.xctest */;
			productType = "com.apple.product-type.bundle.unit-test";
		};
		F03EA5E31D12EB02008678BC /* xiaUITests */ = {
			isa = PBXNativeTarget;
			buildConfigurationList = F03EA5F31D12EB02008678BC /* Build configuration list for PBXNativeTarget "xiaUITests" */;
			buildPhases = (
				457E6AE1E9F804B2031A7880 /* [CP] Check Pods Manifest.lock */,
				F03EA5E01D12EB02008678BC /* Sources */,
				F03EA5E11D12EB02008678BC /* Frameworks */,
				F03EA5E21D12EB02008678BC /* Resources */,
				236C74841E36DBC5037498D2 /* [CP] Embed Pods Frameworks */,
			);
			buildRules = (
			);
			dependencies = (
				F03EA5E61D12EB02008678BC /* PBXTargetDependency */,
			);
			name = xiaUITests;
			productName = xiaUITests;
			productReference = F03EA5E41D12EB02008678BC /* xiaUITests.xctest */;
			productType = "com.apple.product-type.bundle.ui-testing";
		};
/* End PBXNativeTarget section */

/* Begin PBXProject section */
		F03EA5BD1D12EB02008678BC /* Project object */ = {
			isa = PBXProject;
			attributes = {
				LastSwiftMigration = 0730;
				LastSwiftUpdateCheck = 0800;
				LastUpgradeCheck = 1010;
				ORGANIZATIONNAME = "Dane Versailles";
				TargetAttributes = {
					F03EA5C41D12EB02008678BC = {
						CreatedOnToolsVersion = 8.0;
						DevelopmentTeam = 4S6NJ45954;
						DevelopmentTeamName = "Academie de Versailles";
						LastSwiftMigration = 0900;
						ProvisioningStyle = Automatic;
						SystemCapabilities = {
							com.apple.iCloud = {
								enabled = 1;
							};
						};
					};
					F03EA5D81D12EB02008678BC = {
						CreatedOnToolsVersion = 8.0;
						DevelopmentTeam = 4S6NJ45954;
						DevelopmentTeamName = "Academie de Versailles";
						LastSwiftMigration = 0900;
						ProvisioningStyle = Automatic;
						TestTargetID = F03EA5C41D12EB02008678BC;
					};
					F03EA5E31D12EB02008678BC = {
						CreatedOnToolsVersion = 8.0;
						DevelopmentTeam = 4S6NJ45954;
						DevelopmentTeamName = "Academie de Versailles";
						ProvisioningStyle = Automatic;
						TestTargetID = F03EA5C41D12EB02008678BC;
					};
				};
			};
			buildConfigurationList = F03EA5C01D12EB02008678BC /* Build configuration list for PBXProject "xia" */;
			compatibilityVersion = "Xcode 3.2";
			developmentRegion = English;
			hasScannedForEncodings = 0;
			knownRegions = (
				en,
				Base,
			);
			mainGroup = F03EA5BC1D12EB02008678BC;
			productRefGroup = F03EA5C61D12EB02008678BC /* Products */;
			projectDirPath = "";
			projectRoot = "";
			targets = (
				F03EA5C41D12EB02008678BC /* xia */,
				F03EA5D81D12EB02008678BC /* xiaTests */,
				F03EA5E31D12EB02008678BC /* xiaUITests */,
			);
		};
/* End PBXProject section */

/* Begin PBXResourcesBuildPhase section */
		F03EA5C31D12EB02008678BC /* Resources */ = {
			isa = PBXResourcesBuildPhase;
			buildActionMask = 2147483647;
			files = (
				F03EA6111D12EC2B008678BC /* Settings.bundle in Resources */,
				F03439E61F7D0A6900F49714 /* oembed.plist in Resources */,
				F04544021D17F93300BBF731 /* InfoPlist.strings in Resources */,
				F0BB83761D19D98F0070140A /* ipad_blanc_80.png in Resources */,
				F03EA5D31D12EB02008678BC /* LaunchScreen.storyboard in Resources */,
				F0EAFF0C1D12EDE500366F0E /* Localizable.strings in Resources */,
				F03EA6361D12ED02008678BC /* images.xcassets in Resources */,
				F03EA5D01D12EB02008678BC /* Assets.xcassets in Resources */,
				F0D1CC7E200E0AA60029C64A /* MathJax-2.7.2 in Resources */,
				F03EA5CE1D12EB02008678BC /* Main.storyboard in Resources */,
			);
			runOnlyForDeploymentPostprocessing = 0;
		};
		F03EA5D71D12EB02008678BC /* Resources */ = {
			isa = PBXResourcesBuildPhase;
			buildActionMask = 2147483647;
			files = (
				F03EA6301D12EC89008678BC /* Assets.xcassets in Resources */,
				F04543F81D17F93200BBF731 /* InfoPlist.strings in Resources */,
				F0D1CC7F200E0AA60029C64A /* MathJax-2.7.2 in Resources */,
				F0B4798F2011FB460050C2EF /* Main.storyboard in Resources */,
				F04543F31D17F93200BBF731 /* Localizable.strings in Resources */,
				F03439E71F7D0A6900F49714 /* oembed.plist in Resources */,
				F03EA6251D12EC4E008678BC /* Settings.bundle in Resources */,
			);
			runOnlyForDeploymentPostprocessing = 0;
		};
		F03EA5E21D12EB02008678BC /* Resources */ = {
			isa = PBXResourcesBuildPhase;
			buildActionMask = 2147483647;
			files = (
				F0D1CC80200E0AA60029C64A /* MathJax-2.7.2 in Resources */,
				F03439E81F7D0A6900F49714 /* oembed.plist in Resources */,
				F04543FD1D17F93300BBF731 /* InfoPlist.strings in Resources */,
			);
			runOnlyForDeploymentPostprocessing = 0;
		};
/* End PBXResourcesBuildPhase section */

/* Begin PBXShellScriptBuildPhase section */
		148D9FFFBABC2E8513AECA22 /* [CP] Check Pods Manifest.lock */ = {
			isa = PBXShellScriptBuildPhase;
			buildActionMask = 2147483647;
			files = (
			);
			inputPaths = (
				"${PODS_PODFILE_DIR_PATH}/Podfile.lock",
				"${PODS_ROOT}/Manifest.lock",
			);
			name = "[CP] Check Pods Manifest.lock";
			outputPaths = (
				"$(DERIVED_FILE_DIR)/Pods-xia-checkManifestLockResult.txt",
			);
			runOnlyForDeploymentPostprocessing = 0;
			shellPath = /bin/sh;
			shellScript = "diff \"${PODS_PODFILE_DIR_PATH}/Podfile.lock\" \"${PODS_ROOT}/Manifest.lock\" > /dev/null\nif [ $? != 0 ] ; then\n    # print error to STDERR\n    echo \"error: The sandbox is not in sync with the Podfile.lock. Run 'pod install' or update your CocoaPods installation.\" >&2\n    exit 1\nfi\n# This output is used by Xcode 'outputs' to avoid re-running this script phase.\necho \"SUCCESS\" > \"${SCRIPT_OUTPUT_FILE_0}\"\n";
			showEnvVarsInLog = 0;
		};
		236C74841E36DBC5037498D2 /* [CP] Embed Pods Frameworks */ = {
			isa = PBXShellScriptBuildPhase;
			buildActionMask = 2147483647;
			files = (
			);
			inputPaths = (
				"${SRCROOT}/Pods/Target Support Files/Pods-xiaUITests/Pods-xiaUITests-frameworks.sh",
				"${BUILT_PRODUCTS_DIR}/SSZipArchive/SSZipArchive.framework",
			);
			name = "[CP] Embed Pods Frameworks";
			outputPaths = (
				"${TARGET_BUILD_DIR}/${FRAMEWORKS_FOLDER_PATH}/SSZipArchive.framework",
			);
			runOnlyForDeploymentPostprocessing = 0;
			shellPath = /bin/sh;
			shellScript = "\"${SRCROOT}/Pods/Target Support Files/Pods-xiaUITests/Pods-xiaUITests-frameworks.sh\"\n";
			showEnvVarsInLog = 0;
		};
		457E6AE1E9F804B2031A7880 /* [CP] Check Pods Manifest.lock */ = {
			isa = PBXShellScriptBuildPhase;
			buildActionMask = 2147483647;
			files = (
			);
			inputPaths = (
				"${PODS_PODFILE_DIR_PATH}/Podfile.lock",
				"${PODS_ROOT}/Manifest.lock",
			);
			name = "[CP] Check Pods Manifest.lock";
			outputPaths = (
				"$(DERIVED_FILE_DIR)/Pods-xiaUITests-checkManifestLockResult.txt",
			);
			runOnlyForDeploymentPostprocessing = 0;
			shellPath = /bin/sh;
			shellScript = "diff \"${PODS_PODFILE_DIR_PATH}/Podfile.lock\" \"${PODS_ROOT}/Manifest.lock\" > /dev/null\nif [ $? != 0 ] ; then\n    # print error to STDERR\n    echo \"error: The sandbox is not in sync with the Podfile.lock. Run 'pod install' or update your CocoaPods installation.\" >&2\n    exit 1\nfi\n# This output is used by Xcode 'outputs' to avoid re-running this script phase.\necho \"SUCCESS\" > \"${SCRIPT_OUTPUT_FILE_0}\"\n";
			showEnvVarsInLog = 0;
		};
		6074AB088DA77FCE9512706F /* [CP] Check Pods Manifest.lock */ = {
			isa = PBXShellScriptBuildPhase;
			buildActionMask = 2147483647;
			files = (
			);
			inputPaths = (
				"${PODS_PODFILE_DIR_PATH}/Podfile.lock",
				"${PODS_ROOT}/Manifest.lock",
			);
			name = "[CP] Check Pods Manifest.lock";
			outputPaths = (
				"$(DERIVED_FILE_DIR)/Pods-xiaTests-checkManifestLockResult.txt",
			);
			runOnlyForDeploymentPostprocessing = 0;
			shellPath = /bin/sh;
			shellScript = "diff \"${PODS_PODFILE_DIR_PATH}/Podfile.lock\" \"${PODS_ROOT}/Manifest.lock\" > /dev/null\nif [ $? != 0 ] ; then\n    # print error to STDERR\n    echo \"error: The sandbox is not in sync with the Podfile.lock. Run 'pod install' or update your CocoaPods installation.\" >&2\n    exit 1\nfi\n# This output is used by Xcode 'outputs' to avoid re-running this script phase.\necho \"SUCCESS\" > \"${SCRIPT_OUTPUT_FILE_0}\"\n";
			showEnvVarsInLog = 0;
		};
		72C701BBC03F27097229DE91 /* [CP] Embed Pods Frameworks */ = {
			isa = PBXShellScriptBuildPhase;
			buildActionMask = 2147483647;
			files = (
			);
			inputPaths = (
				"${SRCROOT}/Pods/Target Support Files/Pods-xiaTests/Pods-xiaTests-frameworks.sh",
				"${BUILT_PRODUCTS_DIR}/SSZipArchive/SSZipArchive.framework",
			);
			name = "[CP] Embed Pods Frameworks";
			outputPaths = (
				"${TARGET_BUILD_DIR}/${FRAMEWORKS_FOLDER_PATH}/SSZipArchive.framework",
			);
			runOnlyForDeploymentPostprocessing = 0;
			shellPath = /bin/sh;
			shellScript = "\"${SRCROOT}/Pods/Target Support Files/Pods-xiaTests/Pods-xiaTests-frameworks.sh\"\n";
			showEnvVarsInLog = 0;
		};
		BCD5B1741F0804CFF72DC854 /* [CP] Embed Pods Frameworks */ = {
			isa = PBXShellScriptBuildPhase;
			buildActionMask = 2147483647;
			files = (
			);
			inputPaths = (
				"${SRCROOT}/Pods/Target Support Files/Pods-xia/Pods-xia-frameworks.sh",
				"${BUILT_PRODUCTS_DIR}/SSZipArchive/SSZipArchive.framework",
			);
			name = "[CP] Embed Pods Frameworks";
			outputPaths = (
				"${TARGET_BUILD_DIR}/${FRAMEWORKS_FOLDER_PATH}/SSZipArchive.framework",
			);
			runOnlyForDeploymentPostprocessing = 0;
			shellPath = /bin/sh;
			shellScript = "\"${SRCROOT}/Pods/Target Support Files/Pods-xia/Pods-xia-frameworks.sh\"\n";
			showEnvVarsInLog = 0;
		};
/* End PBXShellScriptBuildPhase section */

/* Begin PBXSourcesBuildPhase section */
		F03EA5C11D12EB02008678BC /* Sources */ = {
			isa = PBXSourcesBuildPhase;
			buildActionMask = 2147483647;
			files = (
				F03EA6121D12EC2B008678BC /* ShapeView.swift in Sources */,
				F03EA60F1D12EC2B008678BC /* PlayImageMetadatas.swift in Sources */,
				F07709FD1FC6D61E00174494 /* Error.swift in Sources */,
				F00A96FC201B213300F9EDD8 /* ViewTableLocalDatas.swift in Sources */,
				F0770A011FC6D61E00174494 /* Options.swift in Sources */,
				F03EA60D1D12EC2B008678BC /* PhotoThumbnail.swift in Sources */,
				F03EA6191D12EC2B008678BC /* ViewMenuAddResource.swift in Sources */,
				F07709F91FC6D61E00174494 /* Document.swift in Sources */,
				F0F825C2200FFD2000578D8D /* ViewReorder.swift in Sources */,
				F07709FB1FC6D61E00174494 /* Element.swift in Sources */,
				F03EA61A1D12EC2B008678BC /* ViewMetas.swift in Sources */,
				F03EA6101D12EC2B008678BC /* PlayXia.swift in Sources */,
				F03EA6161D12EC2B008678BC /* ViewCreateDetails.swift in Sources */,
				F03EA6131D12EC2B008678BC /* TextConverter.swift in Sources */,
				F03EA6171D12EC2B008678BC /* ViewDetailInfos.swift in Sources */,
				F03EA6181D12EC2B008678BC /* ViewExport.swift in Sources */,
				F03EA60A1D12EC2B008678BC /* BubbleTransition.swift in Sources */,
				F03EA6141D12EC2B008678BC /* Util.swift in Sources */,
				F0770A031FC6D61E00174494 /* Parser.swift in Sources */,
				F03EA5C91D12EB02008678BC /* AppDelegate.swift in Sources */,
				F04D92242018BA4C007A6073 /* ViewImport.swift in Sources */,
				F0D5EEB31F7BF9440043D9CD /* jsonDB.swift in Sources */,
				F03EA60B1D12EC2B008678BC /* Constants.swift in Sources */,
				F03EA60E1D12EC2B008678BC /* PlayDetail.swift in Sources */,
				F03EA6151D12EC2B008678BC /* ViewCollectionController.swift in Sources */,
				F044685F1DE5D9EB00ADBA55 /* Reachability.swift in Sources */,
				F059F582201B7C530074B20C /* ViewPicker.swift in Sources */,
				F03EA61B1D12EC2B008678BC /* xiaDetail.swift in Sources */,
			);
			runOnlyForDeploymentPostprocessing = 0;
		};
		F03EA5D51D12EB02008678BC /* Sources */ = {
			isa = PBXSourcesBuildPhase;
			buildActionMask = 2147483647;
			files = (
				F03EA6241D12EC4A008678BC /* PlayXia.swift in Sources */,
				F059F583201B7C530074B20C /* ViewPicker.swift in Sources */,
				F03EA61F1D12EC3D008678BC /* Constants.swift in Sources */,
				F04D92252018BA4C007A6073 /* ViewImport.swift in Sources */,
				F0770A021FC6D61E00174494 /* Options.swift in Sources */,
				F07709FC1FC6D61E00174494 /* Element.swift in Sources */,
				F0D5EEB41F7BF9440043D9CD /* jsonDB.swift in Sources */,
				F03EA6211D12EC43008678BC /* PhotoThumbnail.swift in Sources */,
				F03EA61E1D12EC3A008678BC /* BubbleTransition.swift in Sources */,
				F03EA6261D12EC50008678BC /* ShapeView.swift in Sources */,
				F03EA6221D12EC45008678BC /* PlayDetail.swift in Sources */,
				F03EA62A1D12EC5B008678BC /* ViewCreateDetails.swift in Sources */,
				F03EA6281D12EC55008678BC /* Util.swift in Sources */,
				F03EA61C1D12EC35008678BC /* AppDelegate.swift in Sources */,
				F03EA6231D12EC48008678BC /* PlayImageMetadatas.swift in Sources */,
				F0F825C3200FFD2000578D8D /* ViewReorder.swift in Sources */,
				F07709FA1FC6D61E00174494 /* Document.swift in Sources */,
				F03EA6291D12EC58008678BC /* ViewCollectionController.swift in Sources */,
				F03EA6321D12ECA7008678BC /* TextConvertersTest.swift in Sources */,
				F00A96FD201B2E3E00F9EDD8 /* ViewTableLocalDatas.swift in Sources */,
				F03EA62E1D12EC66008678BC /* ViewMetas.swift in Sources */,
				F03EA62B1D12EC5E008678BC /* ViewDetailInfos.swift in Sources */,
				F03EA5DE1D12EB02008678BC /* xiaTests.swift in Sources */,
				F03EA62D1D12EC63008678BC /* ViewMenuAddResource.swift in Sources */,
				F04468601DE5D9EB00ADBA55 /* Reachability.swift in Sources */,
				F03EA62C1D12EC60008678BC /* ViewExport.swift in Sources */,
				F0770A041FC6D61E00174494 /* Parser.swift in Sources */,
				F03EA6271D12EC53008678BC /* TextConverter.swift in Sources */,
				F07709FE1FC6D61E00174494 /* Error.swift in Sources */,
				F03EA62F1D12EC68008678BC /* xiaDetail.swift in Sources */,
			);
			runOnlyForDeploymentPostprocessing = 0;
		};
		F03EA5E01D12EB02008678BC /* Sources */ = {
			isa = PBXSourcesBuildPhase;
			buildActionMask = 2147483647;
			files = (
				F03EA5E91D12EB02008678BC /* xiaUITests.swift in Sources */,
				F0D5EEB51F7BF9440043D9CD /* jsonDB.swift in Sources */,
			);
			runOnlyForDeploymentPostprocessing = 0;
		};
/* End PBXSourcesBuildPhase section */

/* Begin PBXTargetDependency section */
		F03EA5DB1D12EB02008678BC /* PBXTargetDependency */ = {
			isa = PBXTargetDependency;
			target = F03EA5C41D12EB02008678BC /* xia */;
			targetProxy = F03EA5DA1D12EB02008678BC /* PBXContainerItemProxy */;
		};
		F03EA5E61D12EB02008678BC /* PBXTargetDependency */ = {
			isa = PBXTargetDependency;
			target = F03EA5C41D12EB02008678BC /* xia */;
			targetProxy = F03EA5E51D12EB02008678BC /* PBXContainerItemProxy */;
		};
/* End PBXTargetDependency section */

/* Begin PBXVariantGroup section */
		F03EA5CC1D12EB02008678BC /* Main.storyboard */ = {
			isa = PBXVariantGroup;
			children = (
				F03EA5CD1D12EB02008678BC /* Base */,
				F03EA6381D12ED61008678BC /* fr */,
			);
			name = Main.storyboard;
			sourceTree = "<group>";
		};
		F03EA5D11D12EB02008678BC /* LaunchScreen.storyboard */ = {
			isa = PBXVariantGroup;
			children = (
				F03EA5D21D12EB02008678BC /* Base */,
				F03EA6371D12ED61008678BC /* fr */,
			);
			name = LaunchScreen.storyboard;
			sourceTree = "<group>";
		};
		F04543F51D17F93200BBF731 /* Localizable.strings */ = {
			isa = PBXVariantGroup;
			children = (
				F04543F41D17F93200BBF731 /* fr */,
			);
			name = Localizable.strings;
			sourceTree = "<group>";
		};
		F04543FA1D17F93200BBF731 /* InfoPlist.strings */ = {
			isa = PBXVariantGroup;
			children = (
				F04543F91D17F93200BBF731 /* fr */,
			);
			name = InfoPlist.strings;
			sourceTree = "<group>";
		};
		F04543FF1D17F93300BBF731 /* InfoPlist.strings */ = {
			isa = PBXVariantGroup;
			children = (
				F04543FE1D17F93300BBF731 /* fr */,
			);
			name = InfoPlist.strings;
			sourceTree = "<group>";
		};
		F04544041D17F93300BBF731 /* InfoPlist.strings */ = {
			isa = PBXVariantGroup;
			children = (
				F04544031D17F93300BBF731 /* fr */,
			);
			name = InfoPlist.strings;
			sourceTree = "<group>";
		};
		F0EAFF0A1D12EDE500366F0E /* Localizable.strings */ = {
			isa = PBXVariantGroup;
			children = (
				F0EAFF0B1D12EDE500366F0E /* Base */,
				F0EAFF0D1D12EDF800366F0E /* fr */,
			);
			name = Localizable.strings;
			path = ..;
			sourceTree = "<group>";
		};
/* End PBXVariantGroup section */

/* Begin XCBuildConfiguration section */
		F03EA5EB1D12EB02008678BC /* Debug */ = {
			isa = XCBuildConfiguration;
			buildSettings = {
				ALWAYS_SEARCH_USER_PATHS = NO;
				CLANG_ANALYZER_LOCALIZABILITY_NONLOCALIZED = YES;
				CLANG_ANALYZER_NONNULL = YES;
				CLANG_CXX_LANGUAGE_STANDARD = "gnu++0x";
				CLANG_CXX_LIBRARY = "libc++";
				CLANG_ENABLE_MODULES = YES;
				CLANG_ENABLE_OBJC_ARC = YES;
				CLANG_WARN_BLOCK_CAPTURE_AUTORELEASING = YES;
				CLANG_WARN_BOOL_CONVERSION = YES;
				CLANG_WARN_COMMA = YES;
				CLANG_WARN_CONSTANT_CONVERSION = YES;
				CLANG_WARN_DEPRECATED_OBJC_IMPLEMENTATIONS = YES;
				CLANG_WARN_DIRECT_OBJC_ISA_USAGE = YES_ERROR;
				CLANG_WARN_DOCUMENTATION_COMMENTS = YES;
				CLANG_WARN_EMPTY_BODY = YES;
				CLANG_WARN_ENUM_CONVERSION = YES;
				CLANG_WARN_INFINITE_RECURSION = YES;
				CLANG_WARN_INT_CONVERSION = YES;
				CLANG_WARN_NON_LITERAL_NULL_CONVERSION = YES;
				CLANG_WARN_OBJC_IMPLICIT_RETAIN_SELF = YES;
				CLANG_WARN_OBJC_LITERAL_CONVERSION = YES;
				CLANG_WARN_OBJC_ROOT_CLASS = YES_ERROR;
				CLANG_WARN_RANGE_LOOP_ANALYSIS = YES;
				CLANG_WARN_STRICT_PROTOTYPES = YES;
				CLANG_WARN_SUSPICIOUS_MOVE = YES;
				CLANG_WARN_UNREACHABLE_CODE = YES;
				CLANG_WARN__DUPLICATE_METHOD_MATCH = YES;
				"CODE_SIGN_IDENTITY[sdk=iphoneos*]" = "iPhone Developer";
				COPY_PHASE_STRIP = NO;
				DEBUG_INFORMATION_FORMAT = dwarf;
				ENABLE_STRICT_OBJC_MSGSEND = YES;
				ENABLE_TESTABILITY = YES;
				GCC_C_LANGUAGE_STANDARD = gnu99;
				GCC_DYNAMIC_NO_PIC = NO;
				GCC_NO_COMMON_BLOCKS = YES;
				GCC_OPTIMIZATION_LEVEL = 0;
				GCC_PREPROCESSOR_DEFINITIONS = (
					"DEBUG=1",
					"$(inherited)",
				);
				GCC_WARN_64_TO_32_BIT_CONVERSION = YES;
				GCC_WARN_ABOUT_RETURN_TYPE = YES_ERROR;
				GCC_WARN_UNDECLARED_SELECTOR = YES;
				GCC_WARN_UNINITIALIZED_AUTOS = YES_AGGRESSIVE;
				GCC_WARN_UNUSED_FUNCTION = YES;
				GCC_WARN_UNUSED_LABEL = YES;
				GCC_WARN_UNUSED_PARAMETER = YES;
				GCC_WARN_UNUSED_VARIABLE = YES;
				IPHONEOS_DEPLOYMENT_TARGET = 11.0;
				MTL_ENABLE_DEBUG_INFO = YES;
				ONLY_ACTIVE_ARCH = YES;
				SDKROOT = iphoneos;
				SWIFT_ACTIVE_COMPILATION_CONDITIONS = DEBUG;
				SWIFT_OPTIMIZATION_LEVEL = "-Onone";
				TARGETED_DEVICE_FAMILY = 2;
			};
			name = Debug;
		};
		F03EA5EC1D12EB02008678BC /* Release */ = {
			isa = XCBuildConfiguration;
			buildSettings = {
				ALWAYS_SEARCH_USER_PATHS = NO;
				CLANG_ANALYZER_LOCALIZABILITY_NONLOCALIZED = YES;
				CLANG_ANALYZER_NONNULL = YES;
				CLANG_CXX_LANGUAGE_STANDARD = "gnu++0x";
				CLANG_CXX_LIBRARY = "libc++";
				CLANG_ENABLE_MODULES = YES;
				CLANG_ENABLE_OBJC_ARC = YES;
				CLANG_WARN_BLOCK_CAPTURE_AUTORELEASING = YES;
				CLANG_WARN_BOOL_CONVERSION = YES;
				CLANG_WARN_COMMA = YES;
				CLANG_WARN_CONSTANT_CONVERSION = YES;
				CLANG_WARN_DEPRECATED_OBJC_IMPLEMENTATIONS = YES;
				CLANG_WARN_DIRECT_OBJC_ISA_USAGE = YES_ERROR;
				CLANG_WARN_DOCUMENTATION_COMMENTS = YES;
				CLANG_WARN_EMPTY_BODY = YES;
				CLANG_WARN_ENUM_CONVERSION = YES;
				CLANG_WARN_INFINITE_RECURSION = YES;
				CLANG_WARN_INT_CONVERSION = YES;
				CLANG_WARN_NON_LITERAL_NULL_CONVERSION = YES;
				CLANG_WARN_OBJC_IMPLICIT_RETAIN_SELF = YES;
				CLANG_WARN_OBJC_LITERAL_CONVERSION = YES;
				CLANG_WARN_OBJC_ROOT_CLASS = YES_ERROR;
				CLANG_WARN_RANGE_LOOP_ANALYSIS = YES;
				CLANG_WARN_STRICT_PROTOTYPES = YES;
				CLANG_WARN_SUSPICIOUS_MOVE = YES;
				CLANG_WARN_UNREACHABLE_CODE = YES;
				CLANG_WARN__DUPLICATE_METHOD_MATCH = YES;
				"CODE_SIGN_IDENTITY[sdk=iphoneos*]" = "iPhone Developer";
				COPY_PHASE_STRIP = NO;
				DEBUG_INFORMATION_FORMAT = "dwarf-with-dsym";
				ENABLE_NS_ASSERTIONS = NO;
				ENABLE_STRICT_OBJC_MSGSEND = YES;
				GCC_C_LANGUAGE_STANDARD = gnu99;
				GCC_NO_COMMON_BLOCKS = YES;
				GCC_WARN_64_TO_32_BIT_CONVERSION = YES;
				GCC_WARN_ABOUT_RETURN_TYPE = YES_ERROR;
				GCC_WARN_UNDECLARED_SELECTOR = YES;
				GCC_WARN_UNINITIALIZED_AUTOS = YES_AGGRESSIVE;
				GCC_WARN_UNUSED_FUNCTION = YES;
				GCC_WARN_UNUSED_LABEL = YES;
				GCC_WARN_UNUSED_PARAMETER = YES;
				GCC_WARN_UNUSED_VARIABLE = YES;
				IPHONEOS_DEPLOYMENT_TARGET = 11.0;
				MTL_ENABLE_DEBUG_INFO = NO;
				SDKROOT = iphoneos;
				SWIFT_OPTIMIZATION_LEVEL = "-Owholemodule";
				TARGETED_DEVICE_FAMILY = 2;
				VALIDATE_PRODUCT = YES;
			};
			name = Release;
		};
		F03EA5EE1D12EB02008678BC /* Debug */ = {
			isa = XCBuildConfiguration;
			baseConfigurationReference = F4BAB15008D094DBD924C76B /* Pods-xia.debug.xcconfig */;
			buildSettings = {
				ASSETCATALOG_COMPILER_APPICON_NAME = AppIcon;
				CODE_SIGN_ENTITLEMENTS = xia/xia.entitlements;
				DEVELOPMENT_TEAM = 4S6NJ45954;
				INFOPLIST_FILE = xia/Info.plist;
				IPHONEOS_DEPLOYMENT_TARGET = 9.3;
				LD_RUNPATH_SEARCH_PATHS = "$(inherited) @executable_path/Frameworks";
				PRODUCT_BUNDLE_IDENTIFIER = "fr.ac-versailles.dane.xia";
				PRODUCT_NAME = "$(TARGET_NAME)";
				SWIFT_VERSION = 4.0;
			};
			name = Debug;
		};
		F03EA5EF1D12EB02008678BC /* Release */ = {
			isa = XCBuildConfiguration;
			baseConfigurationReference = 702D8DE2486E3C2D6DD085F1 /* Pods-xia.release.xcconfig */;
			buildSettings = {
				ASSETCATALOG_COMPILER_APPICON_NAME = AppIcon;
				CODE_SIGN_ENTITLEMENTS = xia/xia.entitlements;
				DEVELOPMENT_TEAM = 4S6NJ45954;
				INFOPLIST_FILE = xia/Info.plist;
				IPHONEOS_DEPLOYMENT_TARGET = 9.3;
				LD_RUNPATH_SEARCH_PATHS = "$(inherited) @executable_path/Frameworks";
				PRODUCT_BUNDLE_IDENTIFIER = "fr.ac-versailles.dane.xia";
				PRODUCT_NAME = "$(TARGET_NAME)";
				SWIFT_VERSION = 4.0;
			};
			name = Release;
		};
		F03EA5F11D12EB02008678BC /* Debug */ = {
			isa = XCBuildConfiguration;
			baseConfigurationReference = 8B87E277054373E367AEC206 /* Pods-xiaTests.debug.xcconfig */;
			buildSettings = {
				BUNDLE_LOADER = "$(TEST_HOST)";
				INFOPLIST_FILE = xiaTests/Info.plist;
				IPHONEOS_DEPLOYMENT_TARGET = 9.3;
				LD_RUNPATH_SEARCH_PATHS = "$(inherited) @executable_path/Frameworks @loader_path/Frameworks";
				PRODUCT_BUNDLE_IDENTIFIER = "fr.ac-versailles.dane.xiaTests";
				PRODUCT_NAME = "$(TARGET_NAME)";
				SWIFT_VERSION = 4.0;
				TEST_HOST = "$(BUILT_PRODUCTS_DIR)/xia.app/xia";
			};
			name = Debug;
		};
		F03EA5F21D12EB02008678BC /* Release */ = {
			isa = XCBuildConfiguration;
			baseConfigurationReference = E7E38FDD508F4FE87782DA4F /* Pods-xiaTests.release.xcconfig */;
			buildSettings = {
				BUNDLE_LOADER = "$(TEST_HOST)";
				INFOPLIST_FILE = xiaTests/Info.plist;
				IPHONEOS_DEPLOYMENT_TARGET = 9.3;
				LD_RUNPATH_SEARCH_PATHS = "$(inherited) @executable_path/Frameworks @loader_path/Frameworks";
				PRODUCT_BUNDLE_IDENTIFIER = "fr.ac-versailles.dane.xiaTests";
				PRODUCT_NAME = "$(TARGET_NAME)";
				SWIFT_VERSION = 4.0;
				TEST_HOST = "$(BUILT_PRODUCTS_DIR)/xia.app/xia";
			};
			name = Release;
		};
		F03EA5F41D12EB02008678BC /* Debug */ = {
			isa = XCBuildConfiguration;
			baseConfigurationReference = B07E5900770C782ED1B1CA03 /* Pods-xiaUITests.debug.xcconfig */;
			buildSettings = {
				INFOPLIST_FILE = xiaUITests/Info.plist;
				IPHONEOS_DEPLOYMENT_TARGET = 9.3;
				LD_RUNPATH_SEARCH_PATHS = "$(inherited) @executable_path/Frameworks @loader_path/Frameworks";
				PRODUCT_BUNDLE_IDENTIFIER = "fr.ac-versailles.dane.xiaUITests";
				PRODUCT_NAME = "$(TARGET_NAME)";
				SWIFT_VERSION = 3.0;
				TEST_TARGET_NAME = xia;
			};
			name = Debug;
		};
		F03EA5F51D12EB02008678BC /* Release */ = {
			isa = XCBuildConfiguration;
			baseConfigurationReference = 911242FDE4F11A060E214CD8 /* Pods-xiaUITests.release.xcconfig */;
			buildSettings = {
				INFOPLIST_FILE = xiaUITests/Info.plist;
				IPHONEOS_DEPLOYMENT_TARGET = 9.3;
				LD_RUNPATH_SEARCH_PATHS = "$(inherited) @executable_path/Frameworks @loader_path/Frameworks";
				PRODUCT_BUNDLE_IDENTIFIER = "fr.ac-versailles.dane.xiaUITests";
				PRODUCT_NAME = "$(TARGET_NAME)";
				SWIFT_VERSION = 3.0;
				TEST_TARGET_NAME = xia;
			};
			name = Release;
		};
/* End XCBuildConfiguration section */

/* Begin XCConfigurationList section */
		F03EA5C01D12EB02008678BC /* Build configuration list for PBXProject "xia" */ = {
			isa = XCConfigurationList;
			buildConfigurations = (
				F03EA5EB1D12EB02008678BC /* Debug */,
				F03EA5EC1D12EB02008678BC /* Release */,
			);
			defaultConfigurationIsVisible = 0;
			defaultConfigurationName = Release;
		};
		F03EA5ED1D12EB02008678BC /* Build configuration list for PBXNativeTarget "xia" */ = {
			isa = XCConfigurationList;
			buildConfigurations = (
				F03EA5EE1D12EB02008678BC /* Debug */,
				F03EA5EF1D12EB02008678BC /* Release */,
			);
			defaultConfigurationIsVisible = 0;
			defaultConfigurationName = Release;
		};
		F03EA5F01D12EB02008678BC /* Build configuration list for PBXNativeTarget "xiaTests" */ = {
			isa = XCConfigurationList;
			buildConfigurations = (
				F03EA5F11D12EB02008678BC /* Debug */,
				F03EA5F21D12EB02008678BC /* Release */,
			);
			defaultConfigurationIsVisible = 0;
			defaultConfigurationName = Release;
		};
		F03EA5F31D12EB02008678BC /* Build configuration list for PBXNativeTarget "xiaUITests" */ = {
			isa = XCConfigurationList;
			buildConfigurations = (
				F03EA5F41D12EB02008678BC /* Debug */,
				F03EA5F51D12EB02008678BC /* Release */,
			);
			defaultConfigurationIsVisible = 0;
			defaultConfigurationName = Release;
		};
/* End XCConfigurationList section */
	};
	rootObject = F03EA5BD1D12EB02008678BC /* Project object */;
}
